// !$*UTF8*$!
{
	archiveVersion = 1;
	classes = {
	};
	objectVersion = 46;
	objects = {

/* Begin PBXBuildFile section */
		704680E2096AE22B17526895 /* Pods_AppWeather.framework in Frameworks */ = {isa = PBXBuildFile; fileRef = 924877EDEE7DB5BB116D3811 /* Pods_AppWeather.framework */; };
		81BC3A321D09A55E004E65A5 /* UIColor+HLLAdditions.swift.swift in Sources */ = {isa = PBXBuildFile; fileRef = 81BC3A311D09A55E004E65A5 /* UIColor+HLLAdditions.swift.swift */; };
		A502A1451D05783600BCC0E2 /* NameViewController.swift in Sources */ = {isa = PBXBuildFile; fileRef = A502A1441D05783600BCC0E2 /* NameViewController.swift */; };
		A502A1471D057C3B00BCC0E2 /* GenderViewController.swift in Sources */ = {isa = PBXBuildFile; fileRef = A502A1461D057C3B00BCC0E2 /* GenderViewController.swift */; };
		A502A1491D05A70D00BCC0E2 /* CityViewController.swift in Sources */ = {isa = PBXBuildFile; fileRef = A502A1481D05A70D00BCC0E2 /* CityViewController.swift */; };
		A502A14C1D05D74900BCC0E2 /* Main.storyboard in Resources */ = {isa = PBXBuildFile; fileRef = A502A14A1D05D74900BCC0E2 /* Main.storyboard */; };
		A524CC191D08CA9A00093B10 /* ViewController.swift in Sources */ = {isa = PBXBuildFile; fileRef = A524CC181D08CA9A00093B10 /* ViewController.swift */; };
		A52B91711D03089700D26A59 /* LaunchScreen.storyboard in Resources */ = {isa = PBXBuildFile; fileRef = A52B916F1D03089700D26A59 /* LaunchScreen.storyboard */; };
		A57AD6431CFF0B9D009DDFE4 /* Assets.xcassets in Resources */ = {isa = PBXBuildFile; fileRef = A57AD6421CFF0B9D009DDFE4 /* Assets.xcassets */; };
		E90B16911D030E3C00F4F905 /* Weather.swift in Sources */ = {isa = PBXBuildFile; fileRef = E90B16901D030E3C00F4F905 /* Weather.swift */; };
		E90B16931D030EFF00F4F905 /* UrlBuilder.swift in Sources */ = {isa = PBXBuildFile; fileRef = E90B16921D030EFF00F4F905 /* UrlBuilder.swift */; };
		E90B16951D03111F00F4F905 /* WeatherService.swift in Sources */ = {isa = PBXBuildFile; fileRef = E90B16941D03111F00F4F905 /* WeatherService.swift */; };
		E9CE0DBE1D062101009DFD59 /* LocationService.swift in Sources */ = {isa = PBXBuildFile; fileRef = E9CE0DBD1D062101009DFD59 /* LocationService.swift */; };
		E9E2C3F61D02EED300F10EBC /* AppDelegate.swift in Sources */ = {isa = PBXBuildFile; fileRef = E9E2C3EF1D02EED300F10EBC /* AppDelegate.swift */; };
		E9E2C3F71D02EED300F10EBC /* ModelController.swift in Sources */ = {isa = PBXBuildFile; fileRef = E9E2C3F11D02EED300F10EBC /* ModelController.swift */; };
		E9E2C3F91D02EED300F10EBC /* RootViewController.swift in Sources */ = {isa = PBXBuildFile; fileRef = E9E2C3F51D02EED300F10EBC /* RootViewController.swift */; };
/* End PBXBuildFile section */

/* Begin PBXFileReference section */
		7FEB38CDACBAF44CE4352BA5 /* Pods-AppWeather.debug.xcconfig */ = {isa = PBXFileReference; includeInIndex = 1; lastKnownFileType = text.xcconfig; name = "Pods-AppWeather.debug.xcconfig"; path = "Pods/Target Support Files/Pods-AppWeather/Pods-AppWeather.debug.xcconfig"; sourceTree = "<group>"; };
		81BC3A311D09A55E004E65A5 /* UIColor+HLLAdditions.swift.swift */ = {isa = PBXFileReference; fileEncoding = 4; lastKnownFileType = sourcecode.swift; path = "UIColor+HLLAdditions.swift.swift"; sourceTree = "<group>"; };
		9022C336AA7765841E375F98 /* Pods-AppWeather.release.xcconfig */ = {isa = PBXFileReference; includeInIndex = 1; lastKnownFileType = text.xcconfig; name = "Pods-AppWeather.release.xcconfig"; path = "Pods/Target Support Files/Pods-AppWeather/Pods-AppWeather.release.xcconfig"; sourceTree = "<group>"; };
		924877EDEE7DB5BB116D3811 /* Pods_AppWeather.framework */ = {isa = PBXFileReference; explicitFileType = wrapper.framework; includeInIndex = 0; path = Pods_AppWeather.framework; sourceTree = BUILT_PRODUCTS_DIR; };
		A502A1441D05783600BCC0E2 /* NameViewController.swift */ = {isa = PBXFileReference; fileEncoding = 4; lastKnownFileType = sourcecode.swift; name = NameViewController.swift; path = Settings/NameViewController.swift; sourceTree = "<group>"; };
		A502A1461D057C3B00BCC0E2 /* GenderViewController.swift */ = {isa = PBXFileReference; fileEncoding = 4; lastKnownFileType = sourcecode.swift; name = GenderViewController.swift; path = Settings/GenderViewController.swift; sourceTree = "<group>"; };
		A502A1481D05A70D00BCC0E2 /* CityViewController.swift */ = {isa = PBXFileReference; fileEncoding = 4; lastKnownFileType = sourcecode.swift; name = CityViewController.swift; path = Settings/CityViewController.swift; sourceTree = "<group>"; };
		A502A14B1D05D74900BCC0E2 /* Base */ = {isa = PBXFileReference; lastKnownFileType = file.storyboard; name = Base; path = Base.lproj/Main.storyboard; sourceTree = "<group>"; };
		A524CC181D08CA9A00093B10 /* ViewController.swift */ = {isa = PBXFileReference; fileEncoding = 4; lastKnownFileType = sourcecode.swift; path = ViewController.swift; sourceTree = "<group>"; };
		A52B91701D03089700D26A59 /* Base */ = {isa = PBXFileReference; lastKnownFileType = file.storyboard; name = Base; path = Base.lproj/LaunchScreen.storyboard; sourceTree = "<group>"; };
		A57AD6341CFF0B9D009DDFE4 /* AppWeather.app */ = {isa = PBXFileReference; explicitFileType = wrapper.application; includeInIndex = 0; path = AppWeather.app; sourceTree = BUILT_PRODUCTS_DIR; };
		A57AD6421CFF0B9D009DDFE4 /* Assets.xcassets */ = {isa = PBXFileReference; lastKnownFileType = folder.assetcatalog; path = Assets.xcassets; sourceTree = "<group>"; };
		A57AD6471CFF0B9D009DDFE4 /* Info.plist */ = {isa = PBXFileReference; lastKnownFileType = text.plist.xml; path = Info.plist; sourceTree = "<group>"; };
		E90B16901D030E3C00F4F905 /* Weather.swift */ = {isa = PBXFileReference; fileEncoding = 4; lastKnownFileType = sourcecode.swift; path = Weather.swift; sourceTree = "<group>"; };
		E90B16921D030EFF00F4F905 /* UrlBuilder.swift */ = {isa = PBXFileReference; fileEncoding = 4; lastKnownFileType = sourcecode.swift; path = UrlBuilder.swift; sourceTree = "<group>"; };
		E90B16941D03111F00F4F905 /* WeatherService.swift */ = {isa = PBXFileReference; fileEncoding = 4; lastKnownFileType = sourcecode.swift; path = WeatherService.swift; sourceTree = "<group>"; };
		E9CE0DBD1D062101009DFD59 /* LocationService.swift */ = {isa = PBXFileReference; fileEncoding = 4; lastKnownFileType = sourcecode.swift; path = LocationService.swift; sourceTree = "<group>"; };
		E9E2C3EF1D02EED300F10EBC /* AppDelegate.swift */ = {isa = PBXFileReference; fileEncoding = 4; lastKnownFileType = sourcecode.swift; path = AppDelegate.swift; sourceTree = "<group>"; };
		E9E2C3F11D02EED300F10EBC /* ModelController.swift */ = {isa = PBXFileReference; fileEncoding = 4; lastKnownFileType = sourcecode.swift; path = ModelController.swift; sourceTree = "<group>"; };
		E9E2C3F51D02EED300F10EBC /* RootViewController.swift */ = {isa = PBXFileReference; fileEncoding = 4; lastKnownFileType = sourcecode.swift; path = RootViewController.swift; sourceTree = "<group>"; };
/* End PBXFileReference section */

/* Begin PBXFrameworksBuildPhase section */
		A57AD6311CFF0B9D009DDFE4 /* Frameworks */ = {
			isa = PBXFrameworksBuildPhase;
			buildActionMask = 2147483647;
			files = (
				704680E2096AE22B17526895 /* Pods_AppWeather.framework in Frameworks */,
			);
			runOnlyForDeploymentPostprocessing = 0;
		};
/* End PBXFrameworksBuildPhase section */

/* Begin PBXGroup section */
		81BC3A301D09A55E004E65A5 /* StyleGuide */ = {
			isa = PBXGroup;
			children = (
				81BC3A311D09A55E004E65A5 /* UIColor+HLLAdditions.swift.swift */,
			);
			path = StyleGuide;
			sourceTree = "<group>";
		};
		83BF24CD9B53B6F4C672AF24 /* Frameworks */ = {
			isa = PBXGroup;
			children = (
				924877EDEE7DB5BB116D3811 /* Pods_AppWeather.framework */,
			);
			name = Frameworks;
			sourceTree = "<group>";
		};
		A502A1431D0577E500BCC0E2 /* Settings */ = {
			isa = PBXGroup;
			children = (
				A502A1441D05783600BCC0E2 /* NameViewController.swift */,
				A502A1461D057C3B00BCC0E2 /* GenderViewController.swift */,
				A502A1481D05A70D00BCC0E2 /* CityViewController.swift */,
			);
			name = Settings;
			sourceTree = "<group>";
		};
		A57AD62B1CFF0B9D009DDFE4 = {
			isa = PBXGroup;
			children = (
				A57AD6361CFF0B9D009DDFE4 /* AppWeather */,
				A57AD6351CFF0B9D009DDFE4 /* Products */,
				F19262D2C35B055802B9B100 /* Pods */,
				83BF24CD9B53B6F4C672AF24 /* Frameworks */,
			);
			sourceTree = "<group>";
		};
		A57AD6351CFF0B9D009DDFE4 /* Products */ = {
			isa = PBXGroup;
			children = (
				A57AD6341CFF0B9D009DDFE4 /* AppWeather.app */,
			);
			name = Products;
			sourceTree = "<group>";
		};
		A57AD6361CFF0B9D009DDFE4 /* AppWeather */ = {
			isa = PBXGroup;
			children = (
				E9E2C3EE1D02EED300F10EBC /* Classes */,
				A52B916F1D03089700D26A59 /* LaunchScreen.storyboard */,
				A502A14A1D05D74900BCC0E2 /* Main.storyboard */,
				A57AD6421CFF0B9D009DDFE4 /* Assets.xcassets */,
				A57AD6471CFF0B9D009DDFE4 /* Info.plist */,
			);
			path = AppWeather;
			sourceTree = "<group>";
		};
		E9E2C3EE1D02EED300F10EBC /* Classes */ = {
			isa = PBXGroup;
			children = (
				E9E2C3EF1D02EED300F10EBC /* AppDelegate.swift */,
				E9E2C3F01D02EED300F10EBC /* Model */,
				E9E2C3F21D02EED300F10EBC /* Network */,
				E9E2C3F31D02EED300F10EBC /* ViewControllers */,
			);
			path = Classes;
			sourceTree = "<group>";
		};
		E9E2C3F01D02EED300F10EBC /* Model */ = {
			isa = PBXGroup;
			children = (
				E9E2C3F11D02EED300F10EBC /* ModelController.swift */,
				E90B16901D030E3C00F4F905 /* Weather.swift */,
			);
			path = Model;
			sourceTree = "<group>";
		};
		E9E2C3F21D02EED300F10EBC /* Network */ = {
			isa = PBXGroup;
			children = (
				E90B16921D030EFF00F4F905 /* UrlBuilder.swift */,
				E90B16941D03111F00F4F905 /* WeatherService.swift */,
				E9CE0DBD1D062101009DFD59 /* LocationService.swift */,
			);
			path = Network;
			sourceTree = "<group>";
		};
		E9E2C3F31D02EED300F10EBC /* ViewControllers */ = {
			isa = PBXGroup;
			children = (
				A502A1431D0577E500BCC0E2 /* Settings */,
				E9E2C3F51D02EED300F10EBC /* RootViewController.swift */,
				81BC3A301D09A55E004E65A5 /* StyleGuide */,
				A524CC181D08CA9A00093B10 /* ViewController.swift */,
			);
			path = ViewControllers;
			sourceTree = "<group>";
		};
		F19262D2C35B055802B9B100 /* Pods */ = {
			isa = PBXGroup;
			children = (
				7FEB38CDACBAF44CE4352BA5 /* Pods-AppWeather.debug.xcconfig */,
				9022C336AA7765841E375F98 /* Pods-AppWeather.release.xcconfig */,
			);
			name = Pods;
			sourceTree = "<group>";
		};
/* End PBXGroup section */

/* Begin PBXNativeTarget section */
		A57AD6331CFF0B9D009DDFE4 /* AppWeather */ = {
			isa = PBXNativeTarget;
			buildConfigurationList = A57AD64A1CFF0B9D009DDFE4 /* Build configuration list for PBXNativeTarget "AppWeather" */;
			buildPhases = (
				997CC7A54394245E8813B335 /* [CP] Check Pods Manifest.lock */,
				A57AD6301CFF0B9D009DDFE4 /* Sources */,
				A57AD6311CFF0B9D009DDFE4 /* Frameworks */,
				A57AD6321CFF0B9D009DDFE4 /* Resources */,
				B86F20FF876581F0F1AAD5E0 /* [CP] Embed Pods Frameworks */,
				1984CDF1038B1EA181313591 /* [CP] Copy Pods Resources */,
			);
			buildRules = (
			);
			dependencies = (
			);
			name = AppWeather;
			productName = AppWeather;
			productReference = A57AD6341CFF0B9D009DDFE4 /* AppWeather.app */;
			productType = "com.apple.product-type.application";
		};
/* End PBXNativeTarget section */

/* Begin PBXProject section */
		A57AD62C1CFF0B9D009DDFE4 /* Project object */ = {
			isa = PBXProject;
			attributes = {
				LastSwiftUpdateCheck = 0720;
				LastUpgradeCheck = 0720;
				ORGANIZATIONNAME = "Dream Team";
				TargetAttributes = {
					A57AD6331CFF0B9D009DDFE4 = {
						CreatedOnToolsVersion = 7.2.1;
					};
				};
			};
			buildConfigurationList = A57AD62F1CFF0B9D009DDFE4 /* Build configuration list for PBXProject "AppWeather" */;
			compatibilityVersion = "Xcode 3.2";
			developmentRegion = English;
			hasScannedForEncodings = 0;
			knownRegions = (
				en,
				Base,
			);
			mainGroup = A57AD62B1CFF0B9D009DDFE4;
			productRefGroup = A57AD6351CFF0B9D009DDFE4 /* Products */;
			projectDirPath = "";
			projectRoot = "";
			targets = (
				A57AD6331CFF0B9D009DDFE4 /* AppWeather */,
			);
		};
/* End PBXProject section */

/* Begin PBXResourcesBuildPhase section */
		A57AD6321CFF0B9D009DDFE4 /* Resources */ = {
			isa = PBXResourcesBuildPhase;
			buildActionMask = 2147483647;
			files = (
				A502A14C1D05D74900BCC0E2 /* Main.storyboard in Resources */,
				A52B91711D03089700D26A59 /* LaunchScreen.storyboard in Resources */,
				A57AD6431CFF0B9D009DDFE4 /* Assets.xcassets in Resources */,
			);
			runOnlyForDeploymentPostprocessing = 0;
		};
/* End PBXResourcesBuildPhase section */

/* Begin PBXShellScriptBuildPhase section */
		1984CDF1038B1EA181313591 /* [CP] Copy Pods Resources */ = {
			isa = PBXShellScriptBuildPhase;
			buildActionMask = 2147483647;
			files = (
			);
			inputPaths = (
			);
			name = "[CP] Copy Pods Resources";
			outputPaths = (
			);
			runOnlyForDeploymentPostprocessing = 0;
			shellPath = /bin/sh;
			shellScript = "\"${SRCROOT}/Pods/Target Support Files/Pods-AppWeather/Pods-AppWeather-resources.sh\"\n";
			showEnvVarsInLog = 0;
		};
		997CC7A54394245E8813B335 /* [CP] Check Pods Manifest.lock */ = {
			isa = PBXShellScriptBuildPhase;
			buildActionMask = 2147483647;
			files = (
			);
			inputPaths = (
			);
			name = "[CP] Check Pods Manifest.lock";
			outputPaths = (
			);
			runOnlyForDeploymentPostprocessing = 0;
			shellPath = /bin/sh;
			shellScript = "diff \"${PODS_ROOT}/../Podfile.lock\" \"${PODS_ROOT}/Manifest.lock\" > /dev/null\nif [[ $? != 0 ]] ; then\n    cat << EOM\nerror: The sandbox is not in sync with the Podfile.lock. Run 'pod install' or update your CocoaPods installation.\nEOM\n    exit 1\nfi\n";
			showEnvVarsInLog = 0;
		};
		B86F20FF876581F0F1AAD5E0 /* [CP] Embed Pods Frameworks */ = {
			isa = PBXShellScriptBuildPhase;
			buildActionMask = 2147483647;
			files = (
			);
			inputPaths = (
			);
			name = "[CP] Embed Pods Frameworks";
			outputPaths = (
			);
			runOnlyForDeploymentPostprocessing = 0;
			shellPath = /bin/sh;
			shellScript = "\"${SRCROOT}/Pods/Target Support Files/Pods-AppWeather/Pods-AppWeather-frameworks.sh\"\n";
			showEnvVarsInLog = 0;
		};
/* End PBXShellScriptBuildPhase section */

/* Begin PBXSourcesBuildPhase section */
		A57AD6301CFF0B9D009DDFE4 /* Sources */ = {
			isa = PBXSourcesBuildPhase;
			buildActionMask = 2147483647;
			files = (
				E9E2C3F61D02EED300F10EBC /* AppDelegate.swift in Sources */,
				A502A1471D057C3B00BCC0E2 /* GenderViewController.swift in Sources */,
				A502A1451D05783600BCC0E2 /* NameViewController.swift in Sources */,
				E9CE0DBE1D062101009DFD59 /* LocationService.swift in Sources */,
				E9E2C3F91D02EED300F10EBC /* RootViewController.swift in Sources */,
				A502A1491D05A70D00BCC0E2 /* CityViewController.swift in Sources */,
				81BC3A321D09A55E004E65A5 /* UIColor+HLLAdditions.swift.swift in Sources */,
				E90B16931D030EFF00F4F905 /* UrlBuilder.swift in Sources */,
				A524CC191D08CA9A00093B10 /* ViewController.swift in Sources */,
				E9E2C3F71D02EED300F10EBC /* ModelController.swift in Sources */,
				E90B16911D030E3C00F4F905 /* Weather.swift in Sources */,
				E90B16951D03111F00F4F905 /* WeatherService.swift in Sources */,
			);
			runOnlyForDeploymentPostprocessing = 0;
		};
/* End PBXSourcesBuildPhase section */

/* Begin PBXVariantGroup section */
		A502A14A1D05D74900BCC0E2 /* Main.storyboard */ = {
			isa = PBXVariantGroup;
			children = (
				A502A14B1D05D74900BCC0E2 /* Base */,
			);
			name = Main.storyboard;
			sourceTree = "<group>";
		};
		A52B916F1D03089700D26A59 /* LaunchScreen.storyboard */ = {
			isa = PBXVariantGroup;
			children = (
				A52B91701D03089700D26A59 /* Base */,
			);
			name = LaunchScreen.storyboard;
			sourceTree = "<group>";
		};
/* End PBXVariantGroup section */

/* Begin XCBuildConfiguration section */
		A57AD6481CFF0B9D009DDFE4 /* Debug */ = {
			isa = XCBuildConfiguration;
			buildSettings = {
				ALWAYS_SEARCH_USER_PATHS = NO;
				CLANG_CXX_LANGUAGE_STANDARD = "gnu++0x";
				CLANG_CXX_LIBRARY = "libc++";
				CLANG_ENABLE_MODULES = YES;
				CLANG_ENABLE_OBJC_ARC = YES;
				CLANG_WARN_BOOL_CONVERSION = YES;
				CLANG_WARN_CONSTANT_CONVERSION = YES;
				CLANG_WARN_DIRECT_OBJC_ISA_USAGE = YES_ERROR;
				CLANG_WARN_EMPTY_BODY = YES;
				CLANG_WARN_ENUM_CONVERSION = YES;
				CLANG_WARN_INT_CONVERSION = YES;
				CLANG_WARN_OBJC_ROOT_CLASS = YES_ERROR;
				CLANG_WARN_UNREACHABLE_CODE = YES;
				CLANG_WARN__DUPLICATE_METHOD_MATCH = YES;
				"CODE_SIGN_IDENTITY[sdk=iphoneos*]" = "iPhone Developer";
				COPY_PHASE_STRIP = NO;
				DEBUG_INFORMATION_FORMAT = dwarf;
				ENABLE_STRICT_OBJC_MSGSEND = YES;
				ENABLE_TESTABILITY = YES;
				GCC_C_LANGUAGE_STANDARD = gnu99;
				GCC_DYNAMIC_NO_PIC = NO;
				GCC_NO_COMMON_BLOCKS = YES;
				GCC_OPTIMIZATION_LEVEL = 0;
				GCC_PREPROCESSOR_DEFINITIONS = (
					"DEBUG=1",
					"$(inherited)",
				);
				GCC_WARN_64_TO_32_BIT_CONVERSION = YES;
				GCC_WARN_ABOUT_RETURN_TYPE = YES_ERROR;
				GCC_WARN_UNDECLARED_SELECTOR = YES;
				GCC_WARN_UNINITIALIZED_AUTOS = YES_AGGRESSIVE;
				GCC_WARN_UNUSED_FUNCTION = YES;
				GCC_WARN_UNUSED_VARIABLE = YES;
				IPHONEOS_DEPLOYMENT_TARGET = 9.2;
				MTL_ENABLE_DEBUG_INFO = YES;
				ONLY_ACTIVE_ARCH = YES;
				SDKROOT = iphoneos;
				SWIFT_OPTIMIZATION_LEVEL = "-Onone";
			};
			name = Debug;
		};
		A57AD6491CFF0B9D009DDFE4 /* Release */ = {
			isa = XCBuildConfiguration;
			buildSettings = {
				ALWAYS_SEARCH_USER_PATHS = NO;
				CLANG_CXX_LANGUAGE_STANDARD = "gnu++0x";
				CLANG_CXX_LIBRARY = "libc++";
				CLANG_ENABLE_MODULES = YES;
				CLANG_ENABLE_OBJC_ARC = YES;
				CLANG_WARN_BOOL_CONVERSION = YES;
				CLANG_WARN_CONSTANT_CONVERSION = YES;
				CLANG_WARN_DIRECT_OBJC_ISA_USAGE = YES_ERROR;
				CLANG_WARN_EMPTY_BODY = YES;
				CLANG_WARN_ENUM_CONVERSION = YES;
				CLANG_WARN_INT_CONVERSION = YES;
				CLANG_WARN_OBJC_ROOT_CLASS = YES_ERROR;
				CLANG_WARN_UNREACHABLE_CODE = YES;
				CLANG_WARN__DUPLICATE_METHOD_MATCH = YES;
				"CODE_SIGN_IDENTITY[sdk=iphoneos*]" = "iPhone Developer";
				COPY_PHASE_STRIP = NO;
				DEBUG_INFORMATION_FORMAT = "dwarf-with-dsym";
				ENABLE_NS_ASSERTIONS = NO;
				ENABLE_STRICT_OBJC_MSGSEND = YES;
				GCC_C_LANGUAGE_STANDARD = gnu99;
				GCC_NO_COMMON_BLOCKS = YES;
				GCC_WARN_64_TO_32_BIT_CONVERSION = YES;
				GCC_WARN_ABOUT_RETURN_TYPE = YES_ERROR;
				GCC_WARN_UNDECLARED_SELECTOR = YES;
				GCC_WARN_UNINITIALIZED_AUTOS = YES_AGGRESSIVE;
				GCC_WARN_UNUSED_FUNCTION = YES;
				GCC_WARN_UNUSED_VARIABLE = YES;
				IPHONEOS_DEPLOYMENT_TARGET = 9.2;
				MTL_ENABLE_DEBUG_INFO = NO;
				SDKROOT = iphoneos;
				VALIDATE_PRODUCT = YES;
			};
			name = Release;
		};
		A57AD64B1CFF0B9D009DDFE4 /* Debug */ = {
			isa = XCBuildConfiguration;
			baseConfigurationReference = 7FEB38CDACBAF44CE4352BA5 /* Pods-AppWeather.debug.xcconfig */;
			buildSettings = {
				ASSETCATALOG_COMPILER_APPICON_NAME = AppIcon;
				INFOPLIST_FILE = AppWeather/Info.plist;
				LD_RUNPATH_SEARCH_PATHS = "$(inherited) @executable_path/Frameworks";
				PRODUCT_BUNDLE_IDENTIFIER = com.dreamteam.AppWeather;
				PRODUCT_NAME = "$(TARGET_NAME)";
			};
			name = Debug;
		};
		A57AD64C1CFF0B9D009DDFE4 /* Release */ = {
			isa = XCBuildConfiguration;
			baseConfigurationReference = 9022C336AA7765841E375F98 /* Pods-AppWeather.release.xcconfig */;
			buildSettings = {
				ASSETCATALOG_COMPILER_APPICON_NAME = AppIcon;
				INFOPLIST_FILE = AppWeather/Info.plist;
				LD_RUNPATH_SEARCH_PATHS = "$(inherited) @executable_path/Frameworks";
				PRODUCT_BUNDLE_IDENTIFIER = com.dreamteam.AppWeather;
				PRODUCT_NAME = "$(TARGET_NAME)";
			};
			name = Release;
		};
/* End XCBuildConfiguration section */

/* Begin XCConfigurationList section */
		A57AD62F1CFF0B9D009DDFE4 /* Build configuration list for PBXProject "AppWeather" */ = {
			isa = XCConfigurationList;
			buildConfigurations = (
				A57AD6481CFF0B9D009DDFE4 /* Debug */,
				A57AD6491CFF0B9D009DDFE4 /* Release */,
			);
			defaultConfigurationIsVisible = 0;
			defaultConfigurationName = Release;
		};
		A57AD64A1CFF0B9D009DDFE4 /* Build configuration list for PBXNativeTarget "AppWeather" */ = {
			isa = XCConfigurationList;
			buildConfigurations = (
				A57AD64B1CFF0B9D009DDFE4 /* Debug */,
				A57AD64C1CFF0B9D009DDFE4 /* Release */,
			);
			defaultConfigurationIsVisible = 0;
			defaultConfigurationName = Release;
		};
/* End XCConfigurationList section */
	};
	rootObject = A57AD62C1CFF0B9D009DDFE4 /* Project object */;
}
